
Microsoft Visual Studio Solution File, Format Version 12.00
# Visual Studio Version 17
VisualStudioVersion = 17.11.35312.102
MinimumVisualStudioVersion = 10.0.40219.1
Project("{2150E333-8FDC-42A3-9474-1A3956D46DE8}") = "Task0", "Task0", "{7BD6D4A1-E59C-44B4-B0D0-D00B9FCBBCF1}"
EndProject
Project("{9A19103F-16F7-4668-BE54-9A1E7A4F7556}") = "Tyuiu.BozhukovVP.Sprint4.Task0.V3", "Tyuiu.BozhukovVP.Sprint4.Task0.V3\Tyuiu.BozhukovVP.Sprint4.Task0.V3.csproj", "{C38FD257-D002-467B-94DF-CC2527B3CF7B}"
EndProject
Project("{9A19103F-16F7-4668-BE54-9A1E7A4F7556}") = "Tyuiu.BozhukovVP.Sprint4.Task0.V3.Test", "Tyuiu.BozhukovVP.Sprint4.Task0.V3.Test\Tyuiu.BozhukovVP.Sprint4.Task0.V3.Test.csproj", "{D2F4EAEF-4A5F-4781-9C92-D4B809296FF1}"
EndProject
Project("{FAE04EC0-301F-11D3-BF4B-00C04F79EFBC}") = "Tyuiu.BozhukovVP.Sprint4.Task0.V3.Lib", "Tyuiu.BozhukovVP.Sprint4.Task0.V3.Lib\Tyuiu.BozhukovVP.Sprint4.Task0.V3.Lib.csproj", "{947415F1-5880-434C-9FDA-A4E8C3F35A69}"
EndProject
Project("{2150E333-8FDC-42A3-9474-1A3956D46DE8}") = "Task1", "Task1", "{1FA64DC3-0C7E-4196-B117-D2D82F78B491}"
EndProject
Project("{FAE04EC0-301F-11D3-BF4B-00C04F79EFBC}") = "Tyuiu.BozhukovVP.Sprint4.Task1.V18", "Tyuiu.BozhukovVP.Sprint4.Task1.V18\Tyuiu.BozhukovVP.Sprint4.Task1.V18.csproj", "{C950F072-85A4-400E-AA1A-9B84EE715E66}"
EndProject
Project("{FAE04EC0-301F-11D3-BF4B-00C04F79EFBC}") = "Tyuiu.BozhukovVP.Sprint4.Task1.V18.Lib", "Tyuiu.BozhukovVP.Sprint4.Task1.V18.Lib\Tyuiu.BozhukovVP.Sprint4.Task1.V18.Lib.csproj", "{2F5126FE-3644-4341-AC81-1642FBB5AB7B}"
EndProject
Project("{FAE04EC0-301F-11D3-BF4B-00C04F79EFBC}") = "Tyuiu.BozhukovVP.Sprint4.Task1.V18.Test", "Tyuiu.BozhukovVP.Sprint4.Task1.V18.Test\Tyuiu.BozhukovVP.Sprint4.Task1.V18.Test.csproj", "{0336EBF7-3494-40FD-9832-5E03BB325F3E}"
EndProject
Global
	GlobalSection(SolutionConfigurationPlatforms) = preSolution
		Debug|Any CPU = Debug|Any CPU
		Release|Any CPU = Release|Any CPU
	EndGlobalSection
	GlobalSection(ProjectConfigurationPlatforms) = postSolution
		{C38FD257-D002-467B-94DF-CC2527B3CF7B}.Debug|Any CPU.ActiveCfg = Debug|Any CPU
		{C38FD257-D002-467B-94DF-CC2527B3CF7B}.Debug|Any CPU.Build.0 = Debug|Any CPU
		{C38FD257-D002-467B-94DF-CC2527B3CF7B}.Release|Any CPU.ActiveCfg = Release|Any CPU
		{C38FD257-D002-467B-94DF-CC2527B3CF7B}.Release|Any CPU.Build.0 = Release|Any CPU
		{D2F4EAEF-4A5F-4781-9C92-D4B809296FF1}.Debug|Any CPU.ActiveCfg = Debug|Any CPU
		{D2F4EAEF-4A5F-4781-9C92-D4B809296FF1}.Debug|Any CPU.Build.0 = Debug|Any CPU
		{D2F4EAEF-4A5F-4781-9C92-D4B809296FF1}.Release|Any CPU.ActiveCfg = Release|Any CPU
		{D2F4EAEF-4A5F-4781-9C92-D4B809296FF1}.Release|Any CPU.Build.0 = Release|Any CPU
		{947415F1-5880-434C-9FDA-A4E8C3F35A69}.Debug|Any CPU.ActiveCfg = Debug|Any CPU
		{947415F1-5880-434C-9FDA-A4E8C3F35A69}.Debug|Any CPU.Build.0 = Debug|Any CPU
		{947415F1-5880-434C-9FDA-A4E8C3F35A69}.Release|Any CPU.ActiveCfg = Release|Any CPU
		{947415F1-5880-434C-9FDA-A4E8C3F35A69}.Release|Any CPU.Build.0 = Release|Any CPU
		{C950F072-85A4-400E-AA1A-9B84EE715E66}.Debug|Any CPU.ActiveCfg = Debug|Any CPU
		{C950F072-85A4-400E-AA1A-9B84EE715E66}.Debug|Any CPU.Build.0 = Debug|Any CPU
		{C950F072-85A4-400E-AA1A-9B84EE715E66}.Release|Any CPU.ActiveCfg = Release|Any CPU
		{C950F072-85A4-400E-AA1A-9B84EE715E66}.Release|Any CPU.Build.0 = Release|Any CPU
		{2F5126FE-3644-4341-AC81-1642FBB5AB7B}.Debug|Any CPU.ActiveCfg = Debug|Any CPU
		{2F5126FE-3644-4341-AC81-1642FBB5AB7B}.Debug|Any CPU.Build.0 = Debug|Any CPU
		{2F5126FE-3644-4341-AC81-1642FBB5AB7B}.Release|Any CPU.ActiveCfg = Release|Any CPU
		{2F5126FE-3644-4341-AC81-1642FBB5AB7B}.Release|Any CPU.Build.0 = Release|Any CPU
		{0336EBF7-3494-40FD-9832-5E03BB325F3E}.Debug|Any CPU.ActiveCfg = Debug|Any CPU
		{0336EBF7-3494-40FD-9832-5E03BB325F3E}.Debug|Any CPU.Build.0 = Debug|Any CPU
		{0336EBF7-3494-40FD-9832-5E03BB325F3E}.Release|Any CPU.ActiveCfg = Release|Any CPU
		{0336EBF7-3494-40FD-9832-5E03BB325F3E}.Release|Any CPU.Build.0 = Release|Any CPU
	EndGlobalSection
	GlobalSection(SolutionProperties) = preSolution
		HideSolutionNode = FALSE
	EndGlobalSection
	GlobalSection(NestedProjects) = preSolution
		{C38FD257-D002-467B-94DF-CC2527B3CF7B} = {7BD6D4A1-E59C-44B4-B0D0-D00B9FCBBCF1}
		{D2F4EAEF-4A5F-4781-9C92-D4B809296FF1} = {7BD6D4A1-E59C-44B4-B0D0-D00B9FCBBCF1}
		{947415F1-5880-434C-9FDA-A4E8C3F35A69} = {7BD6D4A1-E59C-44B4-B0D0-D00B9FCBBCF1}
		{C950F072-85A4-400E-AA1A-9B84EE715E66} = {1FA64DC3-0C7E-4196-B117-D2D82F78B491}
		{2F5126FE-3644-4341-AC81-1642FBB5AB7B} = {1FA64DC3-0C7E-4196-B117-D2D82F78B491}
		{0336EBF7-3494-40FD-9832-5E03BB325F3E} = {1FA64DC3-0C7E-4196-B117-D2D82F78B491}
	EndGlobalSection
	GlobalSection(ExtensibilityGlobals) = postSolution
		SolutionGuid = {38CCD10F-A9B5-48D4-9963-6EA6BFF3F869}
	EndGlobalSection
EndGlobal
