
Microsoft Visual Studio Solution File, Format Version 12.00
# Visual Studio Version 17
VisualStudioVersion = 17.11.35312.102
MinimumVisualStudioVersion = 10.0.40219.1
Project("{2150E333-8FDC-42A3-9474-1A3956D46DE8}") = "Task0", "Task0", "{7BD6D4A1-E59C-44B4-B0D0-D00B9FCBBCF1}"
EndProject
Project("{9A19103F-16F7-4668-BE54-9A1E7A4F7556}") = "Tyuiu.BozhukovVP.Sprint4.Task0.V3", "Tyuiu.BozhukovVP.Sprint4.Task0.V3\Tyuiu.BozhukovVP.Sprint4.Task0.V3.csproj", "{C38FD257-D002-467B-94DF-CC2527B3CF7B}"
EndProject
Project("{9A19103F-16F7-4668-BE54-9A1E7A4F7556}") = "Tyuiu.BozhukovVP.Sprint4.Task0.V3.Test", "Tyuiu.BozhukovVP.Sprint4.Task0.V3.Test\Tyuiu.BozhukovVP.Sprint4.Task0.V3.Test.csproj", "{D2F4EAEF-4A5F-4781-9C92-D4B809296FF1}"
EndProject
Project("{FAE04EC0-301F-11D3-BF4B-00C04F79EFBC}") = "Tyuiu.BozhukovVP.Sprint4.Task0.V3.Lib", "Tyuiu.BozhukovVP.Sprint4.Task0.V3.Lib\Tyuiu.BozhukovVP.Sprint4.Task0.V3.Lib.csproj", "{947415F1-5880-434C-9FDA-A4E8C3F35A69}"
EndProject
Project("{2150E333-8FDC-42A3-9474-1A3956D46DE8}") = "Task1", "Task1", "{1FA64DC3-0C7E-4196-B117-D2D82F78B491}"
EndProject
Project("{FAE04EC0-301F-11D3-BF4B-00C04F79EFBC}") = "Tyuiu.BozhukovVP.Sprint4.Task1.V18", "Tyuiu.BozhukovVP.Sprint4.Task1.V18\Tyuiu.BozhukovVP.Sprint4.Task1.V18.csproj", "{C950F072-85A4-400E-AA1A-9B84EE715E66}"
EndProject
Project("{FAE04EC0-301F-11D3-BF4B-00C04F79EFBC}") = "Tyuiu.BozhukovVP.Sprint4.Task1.V18.Lib", "Tyuiu.BozhukovVP.Sprint4.Task1.V18.Lib\Tyuiu.BozhukovVP.Sprint4.Task1.V18.Lib.csproj", "{2F5126FE-3644-4341-AC81-1642FBB5AB7B}"
EndProject
Project("{FAE04EC0-301F-11D3-BF4B-00C04F79EFBC}") = "Tyuiu.BozhukovVP.Sprint4.Task1.V18.Test", "Tyuiu.BozhukovVP.Sprint4.Task1.V18.Test\Tyuiu.BozhukovVP.Sprint4.Task1.V18.Test.csproj", "{0336EBF7-3494-40FD-9832-5E03BB325F3E}"
EndProject
Project("{2150E333-8FDC-42A3-9474-1A3956D46DE8}") = "Task2", "Task2", "{79B90A24-A1A6-4F7A-A341-854D4F33FB21}"
EndProject
Project("{FAE04EC0-301F-11D3-BF4B-00C04F79EFBC}") = "Tyuiu.BozhukovVP.Sprint4.Task2.V22", "Tyuiu.BozhukovVP.Sprint4.Task2.V22\Tyuiu.BozhukovVP.Sprint4.Task2.V22.csproj", "{FF24A4E0-EF86-4088-A62B-21245893A599}"
EndProject
Project("{FAE04EC0-301F-11D3-BF4B-00C04F79EFBC}") = "Tyuiu.BozhukovVP.Sprint4.Task2.V22.Lib", "Tyuiu.BozhukovVP.Sprint4.Task2.V22.Lib\Tyuiu.BozhukovVP.Sprint4.Task2.V22.Lib.csproj", "{10B2C954-36A1-47C2-ADDA-8CFDC4A31091}"
EndProject
Project("{FAE04EC0-301F-11D3-BF4B-00C04F79EFBC}") = "Tyuiu.BozhukovVP.Sprint4.Task2.V22.Test", "Tyuiu.BozhukovVP.Sprint4.Task2.V22.Test\Tyuiu.BozhukovVP.Sprint4.Task2.V22.Test.csproj", "{EF75E67A-292A-4182-8B70-345C962CE0DF}"
EndProject
Project("{2150E333-8FDC-42A3-9474-1A3956D46DE8}") = "Task3", "Task3", "{0870E0F7-7E4D-4A45-AC3C-A125FEEACC95}"
EndProject
Project("{FAE04EC0-301F-11D3-BF4B-00C04F79EFBC}") = "Tyuiu.BozhukovVP.Sprint4.Task3.V27", "Tyuiu.BozhukovVP.Sprint4.Task3.V27\Tyuiu.BozhukovVP.Sprint4.Task3.V27.csproj", "{255B0F48-C815-4C2E-A689-6FD8001C0FDE}"
EndProject
Project("{FAE04EC0-301F-11D3-BF4B-00C04F79EFBC}") = "Tyuiu.BozhukovVP.Sprint4.Task3.V27.Lib", "Tyuiu.BozhukovVP.Sprint4.Task3.V27.Lib\Tyuiu.BozhukovVP.Sprint4.Task3.V27.Lib.csproj", "{425CE90F-15BB-43C2-92B4-312046E35DEB}"
EndProject
Project("{FAE04EC0-301F-11D3-BF4B-00C04F79EFBC}") = "Tyuiu.BozhukovVP.Sprint4.Task3.V27.Test", "Tyuiu.BozhukovVP.Sprint4.Task3.V27.Test\Tyuiu.BozhukovVP.Sprint4.Task3.V27.Test.csproj", "{78CD0E13-8C8A-4E13-9BF0-A7964D7C1FEA}"
EndProject
Project("{2150E333-8FDC-42A3-9474-1A3956D46DE8}") = "Task4", "Task4", "{F8D7583F-F540-4280-8371-3D3D99FCF166}"
EndProject
Project("{FAE04EC0-301F-11D3-BF4B-00C04F79EFBC}") = "Tyuiu.BozhukovVP.Sprint4.Task4.V30", "Tyuiu.BozhukovVP.Sprint4.Task4.V30\Tyuiu.BozhukovVP.Sprint4.Task4.V30.csproj", "{E02BB098-9C76-4D9B-A64B-3ACC3D025340}"
EndProject
Project("{FAE04EC0-301F-11D3-BF4B-00C04F79EFBC}") = "Tyuiu.BozhukovVP.Sprint4.Task4.V30.Lib", "Tyuiu.BozhukovVP.Sprint4.Task4.V30.Lib\Tyuiu.BozhukovVP.Sprint4.Task4.V30.Lib.csproj", "{0D6AF51A-5AA6-4290-8695-6A416C2CB4A8}"
EndProject
Project("{FAE04EC0-301F-11D3-BF4B-00C04F79EFBC}") = "Tyuiu.BozhukovVP.Sprint4.Task4.V30.Test", "Tyuiu.BozhukovVP.Sprint4.Task4.V30.Test\Tyuiu.BozhukovVP.Sprint4.Task4.V30.Test.csproj", "{376F9407-1146-4817-84E0-63AC90FF1C42}"
EndProject
Project("{2150E333-8FDC-42A3-9474-1A3956D46DE8}") = "Task6", "Task6", "{BF1DA012-1028-411E-B97F-57E22F453E1F}"
EndProject
Project("{FAE04EC0-301F-11D3-BF4B-00C04F79EFBC}") = "Tyuiu.BozhukovVP.Sprint4.Task6.V29", "Tyuiu.BozhukovVP.Sprint4.Task6.V29\Tyuiu.BozhukovVP.Sprint4.Task6.V29.csproj", "{2E0C061D-1066-43DE-AC77-6E53132F2BE1}"
EndProject
Project("{FAE04EC0-301F-11D3-BF4B-00C04F79EFBC}") = "Tyuiu.BozhukovVP.Sprint4.Task6.V29.Test", "Tyuiu.BozhukovVP.Sprint4.Task6.V29.Test\Tyuiu.BozhukovVP.Sprint4.Task6.V29.Test.csproj", "{B79EF545-C8FF-427B-AFCF-7516025C33B5}"
EndProject
Project("{FAE04EC0-301F-11D3-BF4B-00C04F79EFBC}") = "Tyuiu.BozhukovVP.Sprint4.Task6.V29.Lib", "Tyuiu.BozhukovVP.Sprint4.Task6.V29.Lib\Tyuiu.BozhukovVP.Sprint4.Task6.V29.Lib.csproj", "{91531F78-6CF6-4478-8689-39A863CA9595}"
EndProject
Global
	GlobalSection(SolutionConfigurationPlatforms) = preSolution
		Debug|Any CPU = Debug|Any CPU
		Release|Any CPU = Release|Any CPU
	EndGlobalSection
	GlobalSection(ProjectConfigurationPlatforms) = postSolution
		{C38FD257-D002-467B-94DF-CC2527B3CF7B}.Debug|Any CPU.ActiveCfg = Debug|Any CPU
		{C38FD257-D002-467B-94DF-CC2527B3CF7B}.Debug|Any CPU.Build.0 = Debug|Any CPU
		{C38FD257-D002-467B-94DF-CC2527B3CF7B}.Release|Any CPU.ActiveCfg = Release|Any CPU
		{C38FD257-D002-467B-94DF-CC2527B3CF7B}.Release|Any CPU.Build.0 = Release|Any CPU
		{D2F4EAEF-4A5F-4781-9C92-D4B809296FF1}.Debug|Any CPU.ActiveCfg = Debug|Any CPU
		{D2F4EAEF-4A5F-4781-9C92-D4B809296FF1}.Debug|Any CPU.Build.0 = Debug|Any CPU
		{D2F4EAEF-4A5F-4781-9C92-D4B809296FF1}.Release|Any CPU.ActiveCfg = Release|Any CPU
		{D2F4EAEF-4A5F-4781-9C92-D4B809296FF1}.Release|Any CPU.Build.0 = Release|Any CPU
		{947415F1-5880-434C-9FDA-A4E8C3F35A69}.Debug|Any CPU.ActiveCfg = Debug|Any CPU
		{947415F1-5880-434C-9FDA-A4E8C3F35A69}.Debug|Any CPU.Build.0 = Debug|Any CPU
		{947415F1-5880-434C-9FDA-A4E8C3F35A69}.Release|Any CPU.ActiveCfg = Release|Any CPU
		{947415F1-5880-434C-9FDA-A4E8C3F35A69}.Release|Any CPU.Build.0 = Release|Any CPU
		{C950F072-85A4-400E-AA1A-9B84EE715E66}.Debug|Any CPU.ActiveCfg = Debug|Any CPU
		{C950F072-85A4-400E-AA1A-9B84EE715E66}.Debug|Any CPU.Build.0 = Debug|Any CPU
		{C950F072-85A4-400E-AA1A-9B84EE715E66}.Release|Any CPU.ActiveCfg = Release|Any CPU
		{C950F072-85A4-400E-AA1A-9B84EE715E66}.Release|Any CPU.Build.0 = Release|Any CPU
		{2F5126FE-3644-4341-AC81-1642FBB5AB7B}.Debug|Any CPU.ActiveCfg = Debug|Any CPU
		{2F5126FE-3644-4341-AC81-1642FBB5AB7B}.Debug|Any CPU.Build.0 = Debug|Any CPU
		{2F5126FE-3644-4341-AC81-1642FBB5AB7B}.Release|Any CPU.ActiveCfg = Release|Any CPU
		{2F5126FE-3644-4341-AC81-1642FBB5AB7B}.Release|Any CPU.Build.0 = Release|Any CPU
		{0336EBF7-3494-40FD-9832-5E03BB325F3E}.Debug|Any CPU.ActiveCfg = Debug|Any CPU
		{0336EBF7-3494-40FD-9832-5E03BB325F3E}.Debug|Any CPU.Build.0 = Debug|Any CPU
		{0336EBF7-3494-40FD-9832-5E03BB325F3E}.Release|Any CPU.ActiveCfg = Release|Any CPU
		{0336EBF7-3494-40FD-9832-5E03BB325F3E}.Release|Any CPU.Build.0 = Release|Any CPU
		{FF24A4E0-EF86-4088-A62B-21245893A599}.Debug|Any CPU.ActiveCfg = Debug|Any CPU
		{FF24A4E0-EF86-4088-A62B-21245893A599}.Debug|Any CPU.Build.0 = Debug|Any CPU
		{FF24A4E0-EF86-4088-A62B-21245893A599}.Release|Any CPU.ActiveCfg = Release|Any CPU
		{FF24A4E0-EF86-4088-A62B-21245893A599}.Release|Any CPU.Build.0 = Release|Any CPU
		{10B2C954-36A1-47C2-ADDA-8CFDC4A31091}.Debug|Any CPU.ActiveCfg = Debug|Any CPU
		{10B2C954-36A1-47C2-ADDA-8CFDC4A31091}.Debug|Any CPU.Build.0 = Debug|Any CPU
		{10B2C954-36A1-47C2-ADDA-8CFDC4A31091}.Release|Any CPU.ActiveCfg = Release|Any CPU
		{10B2C954-36A1-47C2-ADDA-8CFDC4A31091}.Release|Any CPU.Build.0 = Release|Any CPU
		{EF75E67A-292A-4182-8B70-345C962CE0DF}.Debug|Any CPU.ActiveCfg = Debug|Any CPU
		{EF75E67A-292A-4182-8B70-345C962CE0DF}.Debug|Any CPU.Build.0 = Debug|Any CPU
		{EF75E67A-292A-4182-8B70-345C962CE0DF}.Release|Any CPU.ActiveCfg = Release|Any CPU
		{EF75E67A-292A-4182-8B70-345C962CE0DF}.Release|Any CPU.Build.0 = Release|Any CPU
		{255B0F48-C815-4C2E-A689-6FD8001C0FDE}.Debug|Any CPU.ActiveCfg = Debug|Any CPU
		{255B0F48-C815-4C2E-A689-6FD8001C0FDE}.Debug|Any CPU.Build.0 = Debug|Any CPU
		{255B0F48-C815-4C2E-A689-6FD8001C0FDE}.Release|Any CPU.ActiveCfg = Release|Any CPU
		{255B0F48-C815-4C2E-A689-6FD8001C0FDE}.Release|Any CPU.Build.0 = Release|Any CPU
		{425CE90F-15BB-43C2-92B4-312046E35DEB}.Debug|Any CPU.ActiveCfg = Debug|Any CPU
		{425CE90F-15BB-43C2-92B4-312046E35DEB}.Debug|Any CPU.Build.0 = Debug|Any CPU
		{425CE90F-15BB-43C2-92B4-312046E35DEB}.Release|Any CPU.ActiveCfg = Release|Any CPU
		{425CE90F-15BB-43C2-92B4-312046E35DEB}.Release|Any CPU.Build.0 = Release|Any CPU
		{78CD0E13-8C8A-4E13-9BF0-A7964D7C1FEA}.Debug|Any CPU.ActiveCfg = Debug|Any CPU
		{78CD0E13-8C8A-4E13-9BF0-A7964D7C1FEA}.Debug|Any CPU.Build.0 = Debug|Any CPU
		{78CD0E13-8C8A-4E13-9BF0-A7964D7C1FEA}.Release|Any CPU.ActiveCfg = Release|Any CPU
		{78CD0E13-8C8A-4E13-9BF0-A7964D7C1FEA}.Release|Any CPU.Build.0 = Release|Any CPU
		{E02BB098-9C76-4D9B-A64B-3ACC3D025340}.Debug|Any CPU.ActiveCfg = Debug|Any CPU
		{E02BB098-9C76-4D9B-A64B-3ACC3D025340}.Debug|Any CPU.Build.0 = Debug|Any CPU
		{E02BB098-9C76-4D9B-A64B-3ACC3D025340}.Release|Any CPU.ActiveCfg = Release|Any CPU
		{E02BB098-9C76-4D9B-A64B-3ACC3D025340}.Release|Any CPU.Build.0 = Release|Any CPU
		{0D6AF51A-5AA6-4290-8695-6A416C2CB4A8}.Debug|Any CPU.ActiveCfg = Debug|Any CPU
		{0D6AF51A-5AA6-4290-8695-6A416C2CB4A8}.Debug|Any CPU.Build.0 = Debug|Any CPU
		{0D6AF51A-5AA6-4290-8695-6A416C2CB4A8}.Release|Any CPU.ActiveCfg = Release|Any CPU
		{0D6AF51A-5AA6-4290-8695-6A416C2CB4A8}.Release|Any CPU.Build.0 = Release|Any CPU
		{376F9407-1146-4817-84E0-63AC90FF1C42}.Debug|Any CPU.ActiveCfg = Debug|Any CPU
		{376F9407-1146-4817-84E0-63AC90FF1C42}.Debug|Any CPU.Build.0 = Debug|Any CPU
		{376F9407-1146-4817-84E0-63AC90FF1C42}.Release|Any CPU.ActiveCfg = Release|Any CPU
		{376F9407-1146-4817-84E0-63AC90FF1C42}.Release|Any CPU.Build.0 = Release|Any CPU
		{2E0C061D-1066-43DE-AC77-6E53132F2BE1}.Debug|Any CPU.ActiveCfg = Debug|Any CPU
		{2E0C061D-1066-43DE-AC77-6E53132F2BE1}.Debug|Any CPU.Build.0 = Debug|Any CPU
		{2E0C061D-1066-43DE-AC77-6E53132F2BE1}.Release|Any CPU.ActiveCfg = Release|Any CPU
		{2E0C061D-1066-43DE-AC77-6E53132F2BE1}.Release|Any CPU.Build.0 = Release|Any CPU
		{B79EF545-C8FF-427B-AFCF-7516025C33B5}.Debug|Any CPU.ActiveCfg = Debug|Any CPU
		{B79EF545-C8FF-427B-AFCF-7516025C33B5}.Debug|Any CPU.Build.0 = Debug|Any CPU
		{B79EF545-C8FF-427B-AFCF-7516025C33B5}.Release|Any CPU.ActiveCfg = Release|Any CPU
		{B79EF545-C8FF-427B-AFCF-7516025C33B5}.Release|Any CPU.Build.0 = Release|Any CPU
		{91531F78-6CF6-4478-8689-39A863CA9595}.Debug|Any CPU.ActiveCfg = Debug|Any CPU
		{91531F78-6CF6-4478-8689-39A863CA9595}.Debug|Any CPU.Build.0 = Debug|Any CPU
		{91531F78-6CF6-4478-8689-39A863CA9595}.Release|Any CPU.ActiveCfg = Release|Any CPU
		{91531F78-6CF6-4478-8689-39A863CA9595}.Release|Any CPU.Build.0 = Release|Any CPU
	EndGlobalSection
	GlobalSection(SolutionProperties) = preSolution
		HideSolutionNode = FALSE
	EndGlobalSection
	GlobalSection(NestedProjects) = preSolution
		{C38FD257-D002-467B-94DF-CC2527B3CF7B} = {7BD6D4A1-E59C-44B4-B0D0-D00B9FCBBCF1}
		{D2F4EAEF-4A5F-4781-9C92-D4B809296FF1} = {7BD6D4A1-E59C-44B4-B0D0-D00B9FCBBCF1}
		{947415F1-5880-434C-9FDA-A4E8C3F35A69} = {7BD6D4A1-E59C-44B4-B0D0-D00B9FCBBCF1}
		{C950F072-85A4-400E-AA1A-9B84EE715E66} = {1FA64DC3-0C7E-4196-B117-D2D82F78B491}
		{2F5126FE-3644-4341-AC81-1642FBB5AB7B} = {1FA64DC3-0C7E-4196-B117-D2D82F78B491}
		{0336EBF7-3494-40FD-9832-5E03BB325F3E} = {1FA64DC3-0C7E-4196-B117-D2D82F78B491}
		{FF24A4E0-EF86-4088-A62B-21245893A599} = {79B90A24-A1A6-4F7A-A341-854D4F33FB21}
		{10B2C954-36A1-47C2-ADDA-8CFDC4A31091} = {79B90A24-A1A6-4F7A-A341-854D4F33FB21}
		{EF75E67A-292A-4182-8B70-345C962CE0DF} = {79B90A24-A1A6-4F7A-A341-854D4F33FB21}
		{255B0F48-C815-4C2E-A689-6FD8001C0FDE} = {0870E0F7-7E4D-4A45-AC3C-A125FEEACC95}
		{425CE90F-15BB-43C2-92B4-312046E35DEB} = {0870E0F7-7E4D-4A45-AC3C-A125FEEACC95}
		{78CD0E13-8C8A-4E13-9BF0-A7964D7C1FEA} = {0870E0F7-7E4D-4A45-AC3C-A125FEEACC95}
		{E02BB098-9C76-4D9B-A64B-3ACC3D025340} = {F8D7583F-F540-4280-8371-3D3D99FCF166}
		{0D6AF51A-5AA6-4290-8695-6A416C2CB4A8} = {F8D7583F-F540-4280-8371-3D3D99FCF166}
		{376F9407-1146-4817-84E0-63AC90FF1C42} = {F8D7583F-F540-4280-8371-3D3D99FCF166}
		{2E0C061D-1066-43DE-AC77-6E53132F2BE1} = {BF1DA012-1028-411E-B97F-57E22F453E1F}
		{B79EF545-C8FF-427B-AFCF-7516025C33B5} = {BF1DA012-1028-411E-B97F-57E22F453E1F}
		{91531F78-6CF6-4478-8689-39A863CA9595} = {BF1DA012-1028-411E-B97F-57E22F453E1F}
	EndGlobalSection
	GlobalSection(ExtensibilityGlobals) = postSolution
		SolutionGuid = {38CCD10F-A9B5-48D4-9963-6EA6BFF3F869}
	EndGlobalSection
EndGlobal
